
Microsoft Visual Studio Solution File, Format Version 12.00
# Visual Studio 15
VisualStudioVersion = 15.0.28307.421
MinimumVisualStudioVersion = 10.0.40219.1
Project("{FAE04EC0-301F-11D3-BF4B-00C04F79EFBC}") = "Virtual Printer", "ActaPrinter\Virtual Printer.csproj", "{76316DF3-1FED-431F-B5D4-3AE6B0482A80}"
EndProject
Global
	GlobalSection(SolutionConfigurationPlatforms) = preSolution
		Debug|Any CPU = Debug|Any CPU
		Release|Any CPU = Release|Any CPU
	EndGlobalSection
	GlobalSection(ProjectConfigurationPlatforms) = postSolution
		{76316DF3-1FED-431F-B5D4-3AE6B0482A80}.Debug|Any CPU.ActiveCfg = Debug|Any CPU
		{76316DF3-1FED-431F-B5D4-3AE6B0482A80}.Debug|Any CPU.Build.0 = Debug|Any CPU
		{76316DF3-1FED-431F-B5D4-3AE6B0482A80}.Release|Any CPU.ActiveCfg = Release|Any CPU
		{76316DF3-1FED-431F-B5D4-3AE6B0482A80}.Release|Any CPU.Build.0 = Release|Any CPU
	EndGlobalSection
	GlobalSection(SolutionProperties) = preSolution
		HideSolutionNode = FALSE
	EndGlobalSection
	GlobalSection(ExtensibilityGlobals) = postSolution
		SolutionGuid = {B6EBEAF3-1173-4626-A9C9-6474F1D59123}
	EndGlobalSection
EndGlobal
